
Microsoft Visual Studio Solution File, Format Version 12.00
# Visual Studio Version 17
VisualStudioVersion = 17.9.34902.65
MinimumVisualStudioVersion = 10.0.40219.1
Project("{FAE04EC0-301F-11D3-BF4B-00C04F79EFBC}") = "User-api", "User-api\User-api.csproj", "{FD46E2E5-4867-4A14-ADEE-3AA25E60B2EC}"
EndProject
Global
	GlobalSection(SolutionConfigurationPlatforms) = preSolution
		Debug|Any CPU = Debug|Any CPU
		Release|Any CPU = Release|Any CPU
	EndGlobalSection
	GlobalSection(ProjectConfigurationPlatforms) = postSolution
		{FD46E2E5-4867-4A14-ADEE-3AA25E60B2EC}.Debug|Any CPU.ActiveCfg = Debug|Any CPU
		{FD46E2E5-4867-4A14-ADEE-3AA25E60B2EC}.Debug|Any CPU.Build.0 = Debug|Any CPU
		{FD46E2E5-4867-4A14-ADEE-3AA25E60B2EC}.Release|Any CPU.ActiveCfg = Release|Any CPU
		{FD46E2E5-4867-4A14-ADEE-3AA25E60B2EC}.Release|Any CPU.Build.0 = Release|Any CPU
	EndGlobalSection
	GlobalSection(SolutionProperties) = preSolution
		HideSolutionNode = FALSE
	EndGlobalSection
	GlobalSection(ExtensibilityGlobals) = postSolution
		SolutionGuid = {C5DD3CE7-CB4A-4AFD-BD90-5BFCE42BE048}
	EndGlobalSection
EndGlobal
